// !$*UTF8*$!
{
	archiveVersion = 1;
	classes = {
	};
	objectVersion = 46;
	objects = {

/* Begin PBXBuildFile section */
		F117EB561DAB386600DB8A04 /* Info.plist in Resources */ = {isa = PBXBuildFile; fileRef = F117EB551DAB386600DB8A04 /* Info.plist */; };
		F1280E8F1DBE146D00456A55 /* UIView+Frame.m in Sources */ = {isa = PBXBuildFile; fileRef = F1280E8E1DBE146D00456A55 /* UIView+Frame.m */; };
		F1345E1C1DAA1E7F00B16857 /* Main.storyboard in Resources */ = {isa = PBXBuildFile; fileRef = F1345E1A1DAA1E7F00B16857 /* Main.storyboard */; };
		F1345E1E1DAA1E8000B16857 /* Assets.xcassets in Resources */ = {isa = PBXBuildFile; fileRef = F1345E1D1DAA1E8000B16857 /* Assets.xcassets */; };
		F1345E211DAA1E8000B16857 /* LaunchScreen.storyboard in Resources */ = {isa = PBXBuildFile; fileRef = F1345E1F1DAA1E8000B16857 /* LaunchScreen.storyboard */; };
		F1345E2C1DAA1E8300B16857 /* BuDejIETests.m in Sources */ = {isa = PBXBuildFile; fileRef = F1345E2B1DAA1E8300B16857 /* BuDejIETests.m */; };
		F1345E371DAA1E8300B16857 /* BuDejIEUITests.m in Sources */ = {isa = PBXBuildFile; fileRef = F1345E361DAA1E8300B16857 /* BuDejIEUITests.m */; };
		F145921E1DAA4BD9004F48C4 /* AppDelegate.m in Sources */ = {isa = PBXBuildFile; fileRef = F14592171DAA4BD9004F48C4 /* AppDelegate.m */; };
		F14592201DAA4BD9004F48C4 /* main.m in Sources */ = {isa = PBXBuildFile; fileRef = F14592191DAA4BD9004F48C4 /* main.m */; };
		F14592261DAA4CD8004F48C4 /* LuLuFriendTrendVIewController.m in Sources */ = {isa = PBXBuildFile; fileRef = F14592251DAA4CD8004F48C4 /* LuLuFriendTrendVIewController.m */; };
		F14592291DAA4D53004F48C4 /* LuLuMyViewController.m in Sources */ = {isa = PBXBuildFile; fileRef = F14592281DAA4D53004F48C4 /* LuLuMyViewController.m */; };
		F145922C1DAA4DA8004F48C4 /* LuLuNewViewController.m in Sources */ = {isa = PBXBuildFile; fileRef = F145922B1DAA4DA8004F48C4 /* LuLuNewViewController.m */; };
		F145922F1DAA4DCC004F48C4 /* LuLuPublishViewController.m in Sources */ = {isa = PBXBuildFile; fileRef = F145922E1DAA4DCC004F48C4 /* LuLuPublishViewController.m */; };
		F14592351DAA4F63004F48C4 /* LuLuEsenseViewController.m in Sources */ = {isa = PBXBuildFile; fileRef = F14592341DAA4F63004F48C4 /* LuLuEsenseViewController.m */; };
		F1554A5E1DAD04520011A541 /* LuLuTabBartViewController.m in Sources */ = {isa = PBXBuildFile; fileRef = F1554A5B1DAD04520011A541 /* LuLuTabBartViewController.m */; };
		F1554A611DAD0C110011A541 /* UIImage+image.m in Sources */ = {isa = PBXBuildFile; fileRef = F1554A601DAD0C110011A541 /* UIImage+image.m */; };
		F1A20C5F1E5C109700C9DEF6 /* TLSettingViewController.m in Sources */ = {isa = PBXBuildFile; fileRef = F1A20C5E1E5C109700C9DEF6 /* TLSettingViewController.m */; };
		F1B7FD9F1DB8C526004FC1E9 /* LuLutabBar.m in Sources */ = {isa = PBXBuildFile; fileRef = F1B7FD9E1DB8C526004FC1E9 /* LuLutabBar.m */; };
		F1CB33091E0CCE8000448BDE /* UIBarButtonItem+Item.m in Sources */ = {isa = PBXBuildFile; fileRef = F1CB33081E0CCE8000448BDE /* UIBarButtonItem+Item.m */; };
		F1CB330C1E0D182100448BDE /* TLNavgationController.m in Sources */ = {isa = PBXBuildFile; fileRef = F1CB330B1E0D182100448BDE /* TLNavgationController.m */; };
/* End PBXBuildFile section */

/* Begin PBXContainerItemProxy section */
		F1345E281DAA1E8200B16857 /* PBXContainerItemProxy */ = {
			isa = PBXContainerItemProxy;
			containerPortal = F1345E061DAA1E7C00B16857 /* Project object */;
			proxyType = 1;
			remoteGlobalIDString = F1345E0D1DAA1E7C00B16857;
			remoteInfo = BuDejIE;
		};
		F1345E331DAA1E8300B16857 /* PBXContainerItemProxy */ = {
			isa = PBXContainerItemProxy;
			containerPortal = F1345E061DAA1E7C00B16857 /* Project object */;
			proxyType = 1;
			remoteGlobalIDString = F1345E0D1DAA1E7C00B16857;
			remoteInfo = BuDejIE;
		};
/* End PBXContainerItemProxy section */

/* Begin PBXFileReference section */
		F117EB551DAB386600DB8A04 /* Info.plist */ = {isa = PBXFileReference; fileEncoding = 4; lastKnownFileType = text.plist.xml; path = Info.plist; sourceTree = "<group>"; };
		F11E1E231DC8B7AA00825DD9 /* BuDejiE.pch */ = {isa = PBXFileReference; lastKnownFileType = sourcecode.c.h; path = BuDejiE.pch; sourceTree = "<group>"; };
		F1280E8D1DBE146D00456A55 /* UIView+Frame.h */ = {isa = PBXFileReference; fileEncoding = 4; lastKnownFileType = sourcecode.c.h; path = "UIView+Frame.h"; sourceTree = "<group>"; };
		F1280E8E1DBE146D00456A55 /* UIView+Frame.m */ = {isa = PBXFileReference; fileEncoding = 4; lastKnownFileType = sourcecode.c.objc; path = "UIView+Frame.m"; sourceTree = "<group>"; };
		F1345E0E1DAA1E7D00B16857 /* BuDejIE.app */ = {isa = PBXFileReference; explicitFileType = wrapper.application; includeInIndex = 0; path = BuDejIE.app; sourceTree = BUILT_PRODUCTS_DIR; };
		F1345E1B1DAA1E7F00B16857 /* Base */ = {isa = PBXFileReference; lastKnownFileType = file.storyboard; name = Base; path = Base.lproj/Main.storyboard; sourceTree = "<group>"; };
		F1345E1D1DAA1E8000B16857 /* Assets.xcassets */ = {isa = PBXFileReference; lastKnownFileType = folder.assetcatalog; path = Assets.xcassets; sourceTree = "<group>"; };
		F1345E201DAA1E8000B16857 /* Base */ = {isa = PBXFileReference; lastKnownFileType = file.storyboard; name = Base; path = Base.lproj/LaunchScreen.storyboard; sourceTree = "<group>"; };
		F1345E271DAA1E8200B16857 /* BuDejIETests.xctest */ = {isa = PBXFileReference; explicitFileType = wrapper.cfbundle; includeInIndex = 0; path = BuDejIETests.xctest; sourceTree = BUILT_PRODUCTS_DIR; };
		F1345E2B1DAA1E8300B16857 /* BuDejIETests.m */ = {isa = PBXFileReference; lastKnownFileType = sourcecode.c.objc; path = BuDejIETests.m; sourceTree = "<group>"; };
		F1345E2D1DAA1E8300B16857 /* Info.plist */ = {isa = PBXFileReference; lastKnownFileType = text.plist.xml; path = Info.plist; sourceTree = "<group>"; };
		F1345E321DAA1E8300B16857 /* BuDejIEUITests.xctest */ = {isa = PBXFileReference; explicitFileType = wrapper.cfbundle; includeInIndex = 0; path = BuDejIEUITests.xctest; sourceTree = BUILT_PRODUCTS_DIR; };
		F1345E361DAA1E8300B16857 /* BuDejIEUITests.m */ = {isa = PBXFileReference; lastKnownFileType = sourcecode.c.objc; path = BuDejIEUITests.m; sourceTree = "<group>"; };
		F1345E381DAA1E8300B16857 /* Info.plist */ = {isa = PBXFileReference; lastKnownFileType = text.plist.xml; path = Info.plist; sourceTree = "<group>"; };
		F14592161DAA4BD9004F48C4 /* AppDelegate.h */ = {isa = PBXFileReference; fileEncoding = 4; lastKnownFileType = sourcecode.c.h; path = AppDelegate.h; sourceTree = "<group>"; };
		F14592171DAA4BD9004F48C4 /* AppDelegate.m */ = {isa = PBXFileReference; fileEncoding = 4; lastKnownFileType = sourcecode.c.objc; path = AppDelegate.m; sourceTree = "<group>"; };
		F14592191DAA4BD9004F48C4 /* main.m */ = {isa = PBXFileReference; fileEncoding = 4; lastKnownFileType = sourcecode.c.objc; path = main.m; sourceTree = "<group>"; };
		F14592241DAA4CD8004F48C4 /* LuLuFriendTrendVIewController.h */ = {isa = PBXFileReference; fileEncoding = 4; lastKnownFileType = sourcecode.c.h; path = LuLuFriendTrendVIewController.h; sourceTree = "<group>"; };
		F14592251DAA4CD8004F48C4 /* LuLuFriendTrendVIewController.m */ = {isa = PBXFileReference; fileEncoding = 4; lastKnownFileType = sourcecode.c.objc; path = LuLuFriendTrendVIewController.m; sourceTree = "<group>"; };
		F14592271DAA4D53004F48C4 /* LuLuMyViewController.h */ = {isa = PBXFileReference; fileEncoding = 4; lastKnownFileType = sourcecode.c.h; path = LuLuMyViewController.h; sourceTree = "<group>"; };
		F14592281DAA4D53004F48C4 /* LuLuMyViewController.m */ = {isa = PBXFileReference; fileEncoding = 4; lastKnownFileType = sourcecode.c.objc; path = LuLuMyViewController.m; sourceTree = "<group>"; };
		F145922A1DAA4DA8004F48C4 /* LuLuNewViewController.h */ = {isa = PBXFileReference; fileEncoding = 4; lastKnownFileType = sourcecode.c.h; path = LuLuNewViewController.h; sourceTree = "<group>"; };
		F145922B1DAA4DA8004F48C4 /* LuLuNewViewController.m */ = {isa = PBXFileReference; fileEncoding = 4; lastKnownFileType = sourcecode.c.objc; path = LuLuNewViewController.m; sourceTree = "<group>"; };
		F145922D1DAA4DCC004F48C4 /* LuLuPublishViewController.h */ = {isa = PBXFileReference; fileEncoding = 4; lastKnownFileType = sourcecode.c.h; path = LuLuPublishViewController.h; sourceTree = "<group>"; };
		F145922E1DAA4DCC004F48C4 /* LuLuPublishViewController.m */ = {isa = PBXFileReference; fileEncoding = 4; lastKnownFileType = sourcecode.c.objc; path = LuLuPublishViewController.m; sourceTree = "<group>"; };
		F14592331DAA4F63004F48C4 /* LuLuEsenseViewController.h */ = {isa = PBXFileReference; fileEncoding = 4; lastKnownFileType = sourcecode.c.h; path = LuLuEsenseViewController.h; sourceTree = "<group>"; };
		F14592341DAA4F63004F48C4 /* LuLuEsenseViewController.m */ = {isa = PBXFileReference; fileEncoding = 4; lastKnownFileType = sourcecode.c.objc; path = LuLuEsenseViewController.m; sourceTree = "<group>"; };
		F1554A5A1DAD04520011A541 /* LuLuTabBartViewController.h */ = {isa = PBXFileReference; fileEncoding = 4; lastKnownFileType = sourcecode.c.h; path = LuLuTabBartViewController.h; sourceTree = "<group>"; };
		F1554A5B1DAD04520011A541 /* LuLuTabBartViewController.m */ = {isa = PBXFileReference; fileEncoding = 4; lastKnownFileType = sourcecode.c.objc; path = LuLuTabBartViewController.m; sourceTree = "<group>"; };
		F1554A5F1DAD0C110011A541 /* UIImage+image.h */ = {isa = PBXFileReference; fileEncoding = 4; lastKnownFileType = sourcecode.c.h; path = "UIImage+image.h"; sourceTree = "<group>"; };
		F1554A601DAD0C110011A541 /* UIImage+image.m */ = {isa = PBXFileReference; fileEncoding = 4; lastKnownFileType = sourcecode.c.objc; path = "UIImage+image.m"; sourceTree = "<group>"; };
		F1A20C5D1E5C109700C9DEF6 /* TLSettingViewController.h */ = {isa = PBXFileReference; fileEncoding = 4; lastKnownFileType = sourcecode.c.h; path = TLSettingViewController.h; sourceTree = "<group>"; };
		F1A20C5E1E5C109700C9DEF6 /* TLSettingViewController.m */ = {isa = PBXFileReference; fileEncoding = 4; lastKnownFileType = sourcecode.c.objc; path = TLSettingViewController.m; sourceTree = "<group>"; };
		F1B7FD9D1DB8C526004FC1E9 /* LuLutabBar.h */ = {isa = PBXFileReference; fileEncoding = 4; lastKnownFileType = sourcecode.c.h; path = LuLutabBar.h; sourceTree = "<group>"; };
		F1B7FD9E1DB8C526004FC1E9 /* LuLutabBar.m */ = {isa = PBXFileReference; fileEncoding = 4; lastKnownFileType = sourcecode.c.objc; path = LuLutabBar.m; sourceTree = "<group>"; };
		F1CB33071E0CCE8000448BDE /* UIBarButtonItem+Item.h */ = {isa = PBXFileReference; fileEncoding = 4; lastKnownFileType = sourcecode.c.h; path = "UIBarButtonItem+Item.h"; sourceTree = "<group>"; };
		F1CB33081E0CCE8000448BDE /* UIBarButtonItem+Item.m */ = {isa = PBXFileReference; fileEncoding = 4; lastKnownFileType = sourcecode.c.objc; path = "UIBarButtonItem+Item.m"; sourceTree = "<group>"; };
		F1CB330A1E0D182100448BDE /* TLNavgationController.h */ = {isa = PBXFileReference; fileEncoding = 4; lastKnownFileType = sourcecode.c.h; path = TLNavgationController.h; sourceTree = "<group>"; };
		F1CB330B1E0D182100448BDE /* TLNavgationController.m */ = {isa = PBXFileReference; fileEncoding = 4; lastKnownFileType = sourcecode.c.objc; path = TLNavgationController.m; sourceTree = "<group>"; };
/* End PBXFileReference section */

/* Begin PBXFrameworksBuildPhase section */
		F1345E0B1DAA1E7C00B16857 /* Frameworks */ = {
			isa = PBXFrameworksBuildPhase;
			buildActionMask = 2147483647;
			files = (
			);
			runOnlyForDeploymentPostprocessing = 0;
		};
		F1345E241DAA1E8200B16857 /* Frameworks */ = {
			isa = PBXFrameworksBuildPhase;
			buildActionMask = 2147483647;
			files = (
			);
			runOnlyForDeploymentPostprocessing = 0;
		};
		F1345E2F1DAA1E8300B16857 /* Frameworks */ = {
			isa = PBXFrameworksBuildPhase;
			buildActionMask = 2147483647;
			files = (
			);
			runOnlyForDeploymentPostprocessing = 0;
		};
/* End PBXFrameworksBuildPhase section */

/* Begin PBXGroup section */
		F1345E051DAA1E7C00B16857 = {
			isa = PBXGroup;
			children = (
				F1345E101DAA1E7E00B16857 /* BuDejIE */,
				F1345E2A1DAA1E8200B16857 /* BuDejIETests */,
				F1345E351DAA1E8300B16857 /* BuDejIEUITests */,
				F1345E0F1DAA1E7D00B16857 /* Products */,
			);
			sourceTree = "<group>";
		};
		F1345E0F1DAA1E7D00B16857 /* Products */ = {
			isa = PBXGroup;
			children = (
				F1345E0E1DAA1E7D00B16857 /* BuDejIE.app */,
				F1345E271DAA1E8200B16857 /* BuDejIETests.xctest */,
				F1345E321DAA1E8300B16857 /* BuDejIEUITests.xctest */,
			);
			name = Products;
			sourceTree = "<group>";
		};
		F1345E101DAA1E7E00B16857 /* BuDejIE */ = {
			isa = PBXGroup;
			children = (
				F14592041DAA4BD9004F48C4 /* Classes */,
				F1345E1A1DAA1E7F00B16857 /* Main.storyboard */,
				F117EB551DAB386600DB8A04 /* Info.plist */,
				F1345E1D1DAA1E8000B16857 /* Assets.xcassets */,
				F1345E1F1DAA1E8000B16857 /* LaunchScreen.storyboard */,
				F1345E111DAA1E7E00B16857 /* Supporting Files */,
			);
			path = BuDejIE;
			sourceTree = "<group>";
		};
		F1345E111DAA1E7E00B16857 /* Supporting Files */ = {
			isa = PBXGroup;
			children = (
			);
			name = "Supporting Files";
			sourceTree = "<group>";
		};
		F1345E2A1DAA1E8200B16857 /* BuDejIETests */ = {
			isa = PBXGroup;
			children = (
				F1345E2B1DAA1E8300B16857 /* BuDejIETests.m */,
				F1345E2D1DAA1E8300B16857 /* Info.plist */,
			);
			path = BuDejIETests;
			sourceTree = "<group>";
		};
		F1345E351DAA1E8300B16857 /* BuDejIEUITests */ = {
			isa = PBXGroup;
			children = (
				F1345E361DAA1E8300B16857 /* BuDejIEUITests.m */,
				F1345E381DAA1E8300B16857 /* Info.plist */,
			);
			path = BuDejIEUITests;
			sourceTree = "<group>";
		};
		F14592041DAA4BD9004F48C4 /* Classes */ = {
			isa = PBXGroup;
			children = (
				F1A20C591E5C104700C9DEF6 /* Setting(设置) */,
				F1554A581DAD04520011A541 /* Main(主要) */,
				F14592051DAA4BD9004F48C4 /* Essence(精华) */,
				F14592091DAA4BD9004F48C4 /* FriendTrend(关注) */,
				F145920D1DAA4BD9004F48C4 /* Me(我) */,
				F14592111DAA4BD9004F48C4 /* New(新帖) */,
				F14592151DAA4BD9004F48C4 /* Other */,
				F145921A1DAA4BD9004F48C4 /* Publish(发布) */,
			);
			path = Classes;
			sourceTree = "<group>";
		};
		F14592051DAA4BD9004F48C4 /* Essence(精华) */ = {
			isa = PBXGroup;
			children = (
				F14592061DAA4BD9004F48C4 /*  Model */,
				F14592071DAA4BD9004F48C4 /* Controller */,
				F14592081DAA4BD9004F48C4 /* View */,
			);
			path = "Essence(精华)";
			sourceTree = "<group>";
		};
		F14592061DAA4BD9004F48C4 /*  Model */ = {
			isa = PBXGroup;
			children = (
			);
			path = " Model";
			sourceTree = "<group>";
		};
		F14592071DAA4BD9004F48C4 /* Controller */ = {
			isa = PBXGroup;
			children = (
				F14592331DAA4F63004F48C4 /* LuLuEsenseViewController.h */,
				F14592341DAA4F63004F48C4 /* LuLuEsenseViewController.m */,
			);
			path = Controller;
			sourceTree = "<group>";
		};
		F14592081DAA4BD9004F48C4 /* View */ = {
			isa = PBXGroup;
			children = (
			);
			path = View;
			sourceTree = "<group>";
		};
		F14592091DAA4BD9004F48C4 /* FriendTrend(关注) */ = {
			isa = PBXGroup;
			children = (
				F145920A1DAA4BD9004F48C4 /*  Model */,
				F145920B1DAA4BD9004F48C4 /* Controller */,
				F145920C1DAA4BD9004F48C4 /* View */,
			);
			path = "FriendTrend(关注)";
			sourceTree = "<group>";
		};
		F145920A1DAA4BD9004F48C4 /*  Model */ = {
			isa = PBXGroup;
			children = (
			);
			path = " Model";
			sourceTree = "<group>";
		};
		F145920B1DAA4BD9004F48C4 /* Controller */ = {
			isa = PBXGroup;
			children = (
				F14592241DAA4CD8004F48C4 /* LuLuFriendTrendVIewController.h */,
				F14592251DAA4CD8004F48C4 /* LuLuFriendTrendVIewController.m */,
			);
			path = Controller;
			sourceTree = "<group>";
		};
		F145920C1DAA4BD9004F48C4 /* View */ = {
			isa = PBXGroup;
			children = (
			);
			path = View;
			sourceTree = "<group>";
		};
		F145920D1DAA4BD9004F48C4 /* Me(我) */ = {
			isa = PBXGroup;
			children = (
				F145920E1DAA4BD9004F48C4 /*  Model */,
				F145920F1DAA4BD9004F48C4 /* Controller */,
				F14592101DAA4BD9004F48C4 /* View */,
			);
			path = "Me(我)";
			sourceTree = "<group>";
		};
		F145920E1DAA4BD9004F48C4 /*  Model */ = {
			isa = PBXGroup;
			children = (
			);
			path = " Model";
			sourceTree = "<group>";
		};
		F145920F1DAA4BD9004F48C4 /* Controller */ = {
			isa = PBXGroup;
			children = (
				F14592271DAA4D53004F48C4 /* LuLuMyViewController.h */,
				F14592281DAA4D53004F48C4 /* LuLuMyViewController.m */,
			);
			path = Controller;
			sourceTree = "<group>";
		};
		F14592101DAA4BD9004F48C4 /* View */ = {
			isa = PBXGroup;
			children = (
			);
			path = View;
			sourceTree = "<group>";
		};
		F14592111DAA4BD9004F48C4 /* New(新帖) */ = {
			isa = PBXGroup;
			children = (
				F14592121DAA4BD9004F48C4 /*  Model */,
				F14592131DAA4BD9004F48C4 /* Controller */,
				F14592141DAA4BD9004F48C4 /* View */,
			);
			path = "New(新帖)";
			sourceTree = "<group>";
		};
		F14592121DAA4BD9004F48C4 /*  Model */ = {
			isa = PBXGroup;
			children = (
			);
			path = " Model";
			sourceTree = "<group>";
		};
		F14592131DAA4BD9004F48C4 /* Controller */ = {
			isa = PBXGroup;
			children = (
				F145922A1DAA4DA8004F48C4 /* LuLuNewViewController.h */,
				F145922B1DAA4DA8004F48C4 /* LuLuNewViewController.m */,
			);
			path = Controller;
			sourceTree = "<group>";
		};
		F14592141DAA4BD9004F48C4 /* View */ = {
			isa = PBXGroup;
			children = (
			);
			path = View;
			sourceTree = "<group>";
		};
		F14592151DAA4BD9004F48C4 /* Other */ = {
			isa = PBXGroup;
			children = (
				F1554A501DAD02730011A541 /* Category */,
				F14592161DAA4BD9004F48C4 /* AppDelegate.h */,
				F14592171DAA4BD9004F48C4 /* AppDelegate.m */,
				F14592191DAA4BD9004F48C4 /* main.m */,
				F11E1E231DC8B7AA00825DD9 /* BuDejiE.pch */,
			);
			path = Other;
			sourceTree = "<group>";
		};
		F145921A1DAA4BD9004F48C4 /* Publish(发布) */ = {
			isa = PBXGroup;
			children = (
				F145921B1DAA4BD9004F48C4 /*  Model */,
				F145921C1DAA4BD9004F48C4 /* Controller */,
				F145921D1DAA4BD9004F48C4 /* View */,
			);
			path = "Publish(发布)";
			sourceTree = "<group>";
		};
		F145921B1DAA4BD9004F48C4 /*  Model */ = {
			isa = PBXGroup;
			children = (
			);
			path = " Model";
			sourceTree = "<group>";
		};
		F145921C1DAA4BD9004F48C4 /* Controller */ = {
			isa = PBXGroup;
			children = (
				F145922D1DAA4DCC004F48C4 /* LuLuPublishViewController.h */,
				F145922E1DAA4DCC004F48C4 /* LuLuPublishViewController.m */,
			);
			path = Controller;
			sourceTree = "<group>";
		};
		F145921D1DAA4BD9004F48C4 /* View */ = {
			isa = PBXGroup;
			children = (
			);
			path = View;
			sourceTree = "<group>";
		};
		F1554A501DAD02730011A541 /* Category */ = {
			isa = PBXGroup;
			children = (
				F1554A5F1DAD0C110011A541 /* UIImage+image.h */,
				F1554A601DAD0C110011A541 /* UIImage+image.m */,
				F1CB33071E0CCE8000448BDE /* UIBarButtonItem+Item.h */,
				F1CB33081E0CCE8000448BDE /* UIBarButtonItem+Item.m */,
			);
			path = Category;
			sourceTree = "<group>";
			wrapsLines = 0;
		};
		F1554A581DAD04520011A541 /* Main(主要) */ = {
			isa = PBXGroup;
			children = (
				F1554A591DAD04520011A541 /* Controller */,
				F1554A5C1DAD04520011A541 /* Model */,
				F1554A5D1DAD04520011A541 /* View */,
			);
			path = "Main(主要)";
			sourceTree = "<group>";
		};
		F1554A591DAD04520011A541 /* Controller */ = {
			isa = PBXGroup;
			children = (
				F1554A5A1DAD04520011A541 /* LuLuTabBartViewController.h */,
				F1554A5B1DAD04520011A541 /* LuLuTabBartViewController.m */,
				F1CB330A1E0D182100448BDE /* TLNavgationController.h */,
				F1CB330B1E0D182100448BDE /* TLNavgationController.m */,
			);
			path = Controller;
			sourceTree = "<group>";
		};
		F1554A5C1DAD04520011A541 /* Model */ = {
			isa = PBXGroup;
			children = (
			);
			path = Model;
			sourceTree = "<group>";
		};
		F1554A5D1DAD04520011A541 /* View */ = {
			isa = PBXGroup;
			children = (
				F1B7FD9D1DB8C526004FC1E9 /* LuLutabBar.h */,
				F1B7FD9E1DB8C526004FC1E9 /* LuLutabBar.m */,
				F1280E8D1DBE146D00456A55 /* UIView+Frame.h */,
				F1280E8E1DBE146D00456A55 /* UIView+Frame.m */,
			);
			path = View;
			sourceTree = "<group>";
		};
		F1A20C591E5C104700C9DEF6 /* Setting(设置) */ = {
			isa = PBXGroup;
			children = (
				F1A20C5A1E5C104700C9DEF6 /* Controller */,
				F1A20C5B1E5C104700C9DEF6 /* Model */,
				F1A20C5C1E5C104700C9DEF6 /* View */,
			);
			path = "Setting(设置)";
			sourceTree = "<group>";
		};
		F1A20C5A1E5C104700C9DEF6 /* Controller */ = {
			isa = PBXGroup;
			children = (
				F1A20C5D1E5C109700C9DEF6 /* TLSettingViewController.h */,
				F1A20C5E1E5C109700C9DEF6 /* TLSettingViewController.m */,
			);
			path = Controller;
			sourceTree = "<group>";
		};
		F1A20C5B1E5C104700C9DEF6 /* Model */ = {
			isa = PBXGroup;
			children = (
			);
			path = Model;
			sourceTree = "<group>";
		};
		F1A20C5C1E5C104700C9DEF6 /* View */ = {
			isa = PBXGroup;
			children = (
			);
			path = View;
			sourceTree = "<group>";
		};
/* End PBXGroup section */

/* Begin PBXNativeTarget section */
		F1345E0D1DAA1E7C00B16857 /* BuDejIE */ = {
			isa = PBXNativeTarget;
			buildConfigurationList = F1345E3B1DAA1E8300B16857 /* Build configuration list for PBXNativeTarget "BuDejIE" */;
			buildPhases = (
				F1345E0A1DAA1E7C00B16857 /* Sources */,
				F1345E0B1DAA1E7C00B16857 /* Frameworks */,
				F1345E0C1DAA1E7C00B16857 /* Resources */,
			);
			buildRules = (
			);
			dependencies = (
			);
			name = BuDejIE;
			productName = BuDejIE;
			productReference = F1345E0E1DAA1E7D00B16857 /* BuDejIE.app */;
			productType = "com.apple.product-type.application";
		};
		F1345E261DAA1E8200B16857 /* BuDejIETests */ = {
			isa = PBXNativeTarget;
			buildConfigurationList = F1345E3E1DAA1E8300B16857 /* Build configuration list for PBXNativeTarget "BuDejIETests" */;
			buildPhases = (
				F1345E231DAA1E8200B16857 /* Sources */,
				F1345E241DAA1E8200B16857 /* Frameworks */,
				F1345E251DAA1E8200B16857 /* Resources */,
			);
			buildRules = (
			);
			dependencies = (
				F1345E291DAA1E8200B16857 /* PBXTargetDependency */,
			);
			name = BuDejIETests;
			productName = BuDejIETests;
			productReference = F1345E271DAA1E8200B16857 /* BuDejIETests.xctest */;
			productType = "com.apple.product-type.bundle.unit-test";
		};
		F1345E311DAA1E8300B16857 /* BuDejIEUITests */ = {
			isa = PBXNativeTarget;
			buildConfigurationList = F1345E411DAA1E8300B16857 /* Build configuration list for PBXNativeTarget "BuDejIEUITests" */;
			buildPhases = (
				F1345E2E1DAA1E8300B16857 /* Sources */,
				F1345E2F1DAA1E8300B16857 /* Frameworks */,
				F1345E301DAA1E8300B16857 /* Resources */,
			);
			buildRules = (
			);
			dependencies = (
				F1345E341DAA1E8300B16857 /* PBXTargetDependency */,
			);
			name = BuDejIEUITests;
			productName = BuDejIEUITests;
			productReference = F1345E321DAA1E8300B16857 /* BuDejIEUITests.xctest */;
			productType = "com.apple.product-type.bundle.ui-testing";
		};
/* End PBXNativeTarget section */

/* Begin PBXProject section */
		F1345E061DAA1E7C00B16857 /* Project object */ = {
			isa = PBXProject;
			attributes = {
				CLASSPREFIX = LuLu;
				LastUpgradeCheck = 0730;
				ORGANIZATIONNAME = lushuishasha;
				TargetAttributes = {
					F1345E0D1DAA1E7C00B16857 = {
						CreatedOnToolsVersion = 7.3.1;
					};
					F1345E261DAA1E8200B16857 = {
						CreatedOnToolsVersion = 7.3.1;
						TestTargetID = F1345E0D1DAA1E7C00B16857;
					};
					F1345E311DAA1E8300B16857 = {
						CreatedOnToolsVersion = 7.3.1;
						TestTargetID = F1345E0D1DAA1E7C00B16857;
					};
				};
			};
			buildConfigurationList = F1345E091DAA1E7C00B16857 /* Build configuration list for PBXProject "BuDejIE" */;
			compatibilityVersion = "Xcode 3.2";
			developmentRegion = English;
			hasScannedForEncodings = 0;
			knownRegions = (
				en,
				Base,
			);
			mainGroup = F1345E051DAA1E7C00B16857;
			productRefGroup = F1345E0F1DAA1E7D00B16857 /* Products */;
			projectDirPath = "";
			projectRoot = "";
			targets = (
				F1345E0D1DAA1E7C00B16857 /* BuDejIE */,
				F1345E261DAA1E8200B16857 /* BuDejIETests */,
				F1345E311DAA1E8300B16857 /* BuDejIEUITests */,
			);
		};
/* End PBXProject section */

/* Begin PBXResourcesBuildPhase section */
		F1345E0C1DAA1E7C00B16857 /* Resources */ = {
			isa = PBXResourcesBuildPhase;
			buildActionMask = 2147483647;
			files = (
				F1345E211DAA1E8000B16857 /* LaunchScreen.storyboard in Resources */,
				F1345E1E1DAA1E8000B16857 /* Assets.xcassets in Resources */,
				F117EB561DAB386600DB8A04 /* Info.plist in Resources */,
				F1345E1C1DAA1E7F00B16857 /* Main.storyboard in Resources */,
			);
			runOnlyForDeploymentPostprocessing = 0;
		};
		F1345E251DAA1E8200B16857 /* Resources */ = {
			isa = PBXResourcesBuildPhase;
			buildActionMask = 2147483647;
			files = (
			);
			runOnlyForDeploymentPostprocessing = 0;
		};
		F1345E301DAA1E8300B16857 /* Resources */ = {
			isa = PBXResourcesBuildPhase;
			buildActionMask = 2147483647;
			files = (
			);
			runOnlyForDeploymentPostprocessing = 0;
		};
/* End PBXResourcesBuildPhase section */

/* Begin PBXSourcesBuildPhase section */
		F1345E0A1DAA1E7C00B16857 /* Sources */ = {
			isa = PBXSourcesBuildPhase;
			buildActionMask = 2147483647;
			files = (
				F14592351DAA4F63004F48C4 /* LuLuEsenseViewController.m in Sources */,
				F1CB33091E0CCE8000448BDE /* UIBarButtonItem+Item.m in Sources */,
				F14592261DAA4CD8004F48C4 /* LuLuFriendTrendVIewController.m in Sources */,
				F14592291DAA4D53004F48C4 /* LuLuMyViewController.m in Sources */,
				F14592201DAA4BD9004F48C4 /* main.m in Sources */,
				F145922C1DAA4DA8004F48C4 /* LuLuNewViewController.m in Sources */,
				F1B7FD9F1DB8C526004FC1E9 /* LuLutabBar.m in Sources */,
				F145921E1DAA4BD9004F48C4 /* AppDelegate.m in Sources */,
				F145922F1DAA4DCC004F48C4 /* LuLuPublishViewController.m in Sources */,
				F1A20C5F1E5C109700C9DEF6 /* TLSettingViewController.m in Sources */,
				F1554A5E1DAD04520011A541 /* LuLuTabBartViewController.m in Sources */,
				F1554A611DAD0C110011A541 /* UIImage+image.m in Sources */,
				F1CB330C1E0D182100448BDE /* TLNavgationController.m in Sources */,
				F1280E8F1DBE146D00456A55 /* UIView+Frame.m in Sources */,
			);
			runOnlyForDeploymentPostprocessing = 0;
		};
		F1345E231DAA1E8200B16857 /* Sources */ = {
			isa = PBXSourcesBuildPhase;
			buildActionMask = 2147483647;
			files = (
				F1345E2C1DAA1E8300B16857 /* BuDejIETests.m in Sources */,
			);
			runOnlyForDeploymentPostprocessing = 0;
		};
		F1345E2E1DAA1E8300B16857 /* Sources */ = {
			isa = PBXSourcesBuildPhase;
			buildActionMask = 2147483647;
			files = (
				F1345E371DAA1E8300B16857 /* BuDejIEUITests.m in Sources */,
			);
			runOnlyForDeploymentPostprocessing = 0;
		};
/* End PBXSourcesBuildPhase section */

/* Begin PBXTargetDependency section */
		F1345E291DAA1E8200B16857 /* PBXTargetDependency */ = {
			isa = PBXTargetDependency;
			target = F1345E0D1DAA1E7C00B16857 /* BuDejIE */;
			targetProxy = F1345E281DAA1E8200B16857 /* PBXContainerItemProxy */;
		};
		F1345E341DAA1E8300B16857 /* PBXTargetDependency */ = {
			isa = PBXTargetDependency;
			target = F1345E0D1DAA1E7C00B16857 /* BuDejIE */;
			targetProxy = F1345E331DAA1E8300B16857 /* PBXContainerItemProxy */;
		};
/* End PBXTargetDependency section */

/* Begin PBXVariantGroup section */
		F1345E1A1DAA1E7F00B16857 /* Main.storyboard */ = {
			isa = PBXVariantGroup;
			children = (
				F1345E1B1DAA1E7F00B16857 /* Base */,
			);
			name = Main.storyboard;
			sourceTree = "<group>";
		};
		F1345E1F1DAA1E8000B16857 /* LaunchScreen.storyboard */ = {
			isa = PBXVariantGroup;
			children = (
				F1345E201DAA1E8000B16857 /* Base */,
			);
			name = LaunchScreen.storyboard;
			sourceTree = "<group>";
		};
/* End PBXVariantGroup section */

/* Begin XCBuildConfiguration section */
		F1345E391DAA1E8300B16857 /* Debug */ = {
			isa = XCBuildConfiguration;
			buildSettings = {
				ALWAYS_SEARCH_USER_PATHS = NO;
				CLANG_ANALYZER_NONNULL = YES;
				CLANG_CXX_LANGUAGE_STANDARD = "gnu++0x";
				CLANG_CXX_LIBRARY = "libc++";
				CLANG_ENABLE_MODULES = YES;
				CLANG_ENABLE_OBJC_ARC = YES;
				CLANG_WARN_BOOL_CONVERSION = YES;
				CLANG_WARN_CONSTANT_CONVERSION = YES;
				CLANG_WARN_DIRECT_OBJC_ISA_USAGE = YES_ERROR;
				CLANG_WARN_EMPTY_BODY = YES;
				CLANG_WARN_ENUM_CONVERSION = YES;
				CLANG_WARN_INT_CONVERSION = YES;
				CLANG_WARN_OBJC_ROOT_CLASS = YES_ERROR;
				CLANG_WARN_UNREACHABLE_CODE = YES;
				CLANG_WARN__DUPLICATE_METHOD_MATCH = YES;
				"CODE_SIGN_IDENTITY[sdk=iphoneos*]" = "iPhone Developer";
				COPY_PHASE_STRIP = NO;
				DEBUG_INFORMATION_FORMAT = dwarf;
				ENABLE_STRICT_OBJC_MSGSEND = YES;
				ENABLE_TESTABILITY = YES;
				GCC_C_LANGUAGE_STANDARD = gnu99;
				GCC_DYNAMIC_NO_PIC = NO;
				GCC_NO_COMMON_BLOCKS = YES;
				GCC_OPTIMIZATION_LEVEL = 0;
				GCC_PREPROCESSOR_DEFINITIONS = (
					"DEBUG=1",
					"$(inherited)",
				);
				GCC_WARN_64_TO_32_BIT_CONVERSION = YES;
				GCC_WARN_ABOUT_RETURN_TYPE = YES_ERROR;
				GCC_WARN_UNDECLARED_SELECTOR = YES;
				GCC_WARN_UNINITIALIZED_AUTOS = YES_AGGRESSIVE;
				GCC_WARN_UNUSED_FUNCTION = YES;
				GCC_WARN_UNUSED_VARIABLE = YES;
				IPHONEOS_DEPLOYMENT_TARGET = 9.3;
				MTL_ENABLE_DEBUG_INFO = YES;
				ONLY_ACTIVE_ARCH = YES;
				SDKROOT = iphoneos;
			};
			name = Debug;
		};
		F1345E3A1DAA1E8300B16857 /* Release */ = {
			isa = XCBuildConfiguration;
			buildSettings = {
				ALWAYS_SEARCH_USER_PATHS = NO;
				CLANG_ANALYZER_NONNULL = YES;
				CLANG_CXX_LANGUAGE_STANDARD = "gnu++0x";
				CLANG_CXX_LIBRARY = "libc++";
				CLANG_ENABLE_MODULES = YES;
				CLANG_ENABLE_OBJC_ARC = YES;
				CLANG_WARN_BOOL_CONVERSION = YES;
				CLANG_WARN_CONSTANT_CONVERSION = YES;
				CLANG_WARN_DIRECT_OBJC_ISA_USAGE = YES_ERROR;
				CLANG_WARN_EMPTY_BODY = YES;
				CLANG_WARN_ENUM_CONVERSION = YES;
				CLANG_WARN_INT_CONVERSION = YES;
				CLANG_WARN_OBJC_ROOT_CLASS = YES_ERROR;
				CLANG_WARN_UNREACHABLE_CODE = YES;
				CLANG_WARN__DUPLICATE_METHOD_MATCH = YES;
				"CODE_SIGN_IDENTITY[sdk=iphoneos*]" = "iPhone Developer";
				COPY_PHASE_STRIP = NO;
				DEBUG_INFORMATION_FORMAT = "dwarf-with-dsym";
				ENABLE_NS_ASSERTIONS = NO;
				ENABLE_STRICT_OBJC_MSGSEND = YES;
				GCC_C_LANGUAGE_STANDARD = gnu99;
				GCC_NO_COMMON_BLOCKS = YES;
				GCC_WARN_64_TO_32_BIT_CONVERSION = YES;
				GCC_WARN_ABOUT_RETURN_TYPE = YES_ERROR;
				GCC_WARN_UNDECLARED_SELECTOR = YES;
				GCC_WARN_UNINITIALIZED_AUTOS = YES_AGGRESSIVE;
				GCC_WARN_UNUSED_FUNCTION = YES;
				GCC_WARN_UNUSED_VARIABLE = YES;
				IPHONEOS_DEPLOYMENT_TARGET = 9.3;
				MTL_ENABLE_DEBUG_INFO = NO;
				SDKROOT = iphoneos;
				VALIDATE_PRODUCT = YES;
			};
			name = Release;
		};
		F1345E3C1DAA1E8300B16857 /* Debug */ = {
			isa = XCBuildConfiguration;
			buildSettings = {
				ASSETCATALOG_COMPILER_APPICON_NAME = AppIcon;
				ASSETCATALOG_COMPILER_LAUNCHIMAGE_NAME = LaunchImage;
				CODE_SIGN_IDENTITY = "iPhone Developer";
				GCC_PREFIX_HEADER = BuDejIE/Classes/Other/BuDejiE.pch;
				INFOPLIST_FILE = BuDejIE/Info.plist;
				IPHONEOS_DEPLOYMENT_TARGET = 8.0;
				LD_RUNPATH_SEARCH_PATHS = "$(inherited) @executable_path/Frameworks";
				PRODUCT_BUNDLE_IDENTIFIER = bufeishi.BuDejIE;
				PRODUCT_NAME = "$(TARGET_NAME)";
			};
			name = Debug;
		};
		F1345E3D1DAA1E8300B16857 /* Release */ = {
			isa = XCBuildConfiguration;
			buildSettings = {
				ASSETCATALOG_COMPILER_APPICON_NAME = AppIcon;
				ASSETCATALOG_COMPILER_LAUNCHIMAGE_NAME = LaunchImage;
				CODE_SIGN_IDENTITY = "iPhone Developer";
				GCC_PREFIX_HEADER = BuDejIE/Classes/Other/BuDejiE.pch;
				INFOPLIST_FILE = BuDejIE/Info.plist;
				IPHONEOS_DEPLOYMENT_TARGET = 8.0;
				LD_RUNPATH_SEARCH_PATHS = "$(inherited) @executable_path/Frameworks";
				PRODUCT_BUNDLE_IDENTIFIER = bufeishi.BuDejIE;
				PRODUCT_NAME = "$(TARGET_NAME)";
			};
			name = Release;
		};
		F1345E3F1DAA1E8300B16857 /* Debug */ = {
			isa = XCBuildConfiguration;
			buildSettings = {
				BUNDLE_LOADER = "$(TEST_HOST)";
				INFOPLIST_FILE = BuDejIETests/Info.plist;
				LD_RUNPATH_SEARCH_PATHS = "$(inherited) @executable_path/Frameworks @loader_path/Frameworks";
				PRODUCT_BUNDLE_IDENTIFIER = bufeishi.BuDejIETests;
				PRODUCT_NAME = "$(TARGET_NAME)";
				TEST_HOST = "$(BUILT_PRODUCTS_DIR)/BuDejIE.app/BuDejIE";
			};
			name = Debug;
		};
		F1345E401DAA1E8300B16857 /* Release */ = {
			isa = XCBuildConfiguration;
			buildSettings = {
				BUNDLE_LOADER = "$(TEST_HOST)";
				INFOPLIST_FILE = BuDejIETests/Info.plist;
				LD_RUNPATH_SEARCH_PATHS = "$(inherited) @executable_path/Frameworks @loader_path/Frameworks";
				PRODUCT_BUNDLE_IDENTIFIER = bufeishi.BuDejIETests;
				PRODUCT_NAME = "$(TARGET_NAME)";
				TEST_HOST = "$(BUILT_PRODUCTS_DIR)/BuDejIE.app/BuDejIE";
			};
			name = Release;
		};
		F1345E421DAA1E8300B16857 /* Debug */ = {
			isa = XCBuildConfiguration;
			buildSettings = {
				INFOPLIST_FILE = BuDejIEUITests/Info.plist;
				LD_RUNPATH_SEARCH_PATHS = "$(inherited) @executable_path/Frameworks @loader_path/Frameworks";
				PRODUCT_BUNDLE_IDENTIFIER = bufeishi.BuDejIEUITests;
				PRODUCT_NAME = "$(TARGET_NAME)";
				TEST_TARGET_NAME = BuDejIE;
			};
			name = Debug;
		};
		F1345E431DAA1E8300B16857 /* Release */ = {
			isa = XCBuildConfiguration;
			buildSettings = {
				INFOPLIST_FILE = BuDejIEUITests/Info.plist;
				LD_RUNPATH_SEARCH_PATHS = "$(inherited) @executable_path/Frameworks @loader_path/Frameworks";
				PRODUCT_BUNDLE_IDENTIFIER = bufeishi.BuDejIEUITests;
				PRODUCT_NAME = "$(TARGET_NAME)";
				TEST_TARGET_NAME = BuDejIE;
			};
			name = Release;
		};
/* End XCBuildConfiguration section */

/* Begin XCConfigurationList section */
		F1345E091DAA1E7C00B16857 /* Build configuration list for PBXProject "BuDejIE" */ = {
			isa = XCConfigurationList;
			buildConfigurations = (
				F1345E391DAA1E8300B16857 /* Debug */,
				F1345E3A1DAA1E8300B16857 /* Release */,
			);
			defaultConfigurationIsVisible = 0;
			defaultConfigurationName = Release;
		};
		F1345E3B1DAA1E8300B16857 /* Build configuration list for PBXNativeTarget "BuDejIE" */ = {
			isa = XCConfigurationList;
			buildConfigurations = (
				F1345E3C1DAA1E8300B16857 /* Debug */,
				F1345E3D1DAA1E8300B16857 /* Release */,
			);
			defaultConfigurationIsVisible = 0;
			defaultConfigurationName = Release;
		};
		F1345E3E1DAA1E8300B16857 /* Build configuration list for PBXNativeTarget "BuDejIETests" */ = {
			isa = XCConfigurationList;
			buildConfigurations = (
				F1345E3F1DAA1E8300B16857 /* Debug */,
				F1345E401DAA1E8300B16857 /* Release */,
			);
			defaultConfigurationIsVisible = 0;
			defaultConfigurationName = Release;
		};
		F1345E411DAA1E8300B16857 /* Build configuration list for PBXNativeTarget "BuDejIEUITests" */ = {
			isa = XCConfigurationList;
			buildConfigurations = (
				F1345E421DAA1E8300B16857 /* Debug */,
				F1345E431DAA1E8300B16857 /* Release */,
			);
			defaultConfigurationIsVisible = 0;
			defaultConfigurationName = Release;
		};
/* End XCConfigurationList section */
	};
	rootObject = F1345E061DAA1E7C00B16857 /* Project object */;
}
